
Microsoft Visual Studio Solution File, Format Version 12.00
# Visual Studio 2012
Project("{FAE04EC0-301F-11D3-BF4B-00C04F79EFBC}") = "Hamming", "Hamming\Hamming.csproj", "{BE7B2137-0CC5-4B13-9849-78CB7DDED693}"
EndProject
Project("{FAE04EC0-301F-11D3-BF4B-00C04F79EFBC}") = "Hamming.Test", "Hamming.Test\Hamming.Test.csproj", "{2131BE6B-C569-4AB7-8C31-C1986BDAC27A}"
EndProject
Project("{FAE04EC0-301F-11D3-BF4B-00C04F79EFBC}") = "Hamming.UI", "Hamming.UI\Hamming.UI.csproj", "{78C722E8-A75D-44E9-B62E-92127FBEFF62}"
EndProject
Global
	GlobalSection(SolutionConfigurationPlatforms) = preSolution
		Debug|Any CPU = Debug|Any CPU
		Release|Any CPU = Release|Any CPU
	EndGlobalSection
	GlobalSection(ProjectConfigurationPlatforms) = postSolution
		{BE7B2137-0CC5-4B13-9849-78CB7DDED693}.Debug|Any CPU.ActiveCfg = Debug|Any CPU
		{BE7B2137-0CC5-4B13-9849-78CB7DDED693}.Debug|Any CPU.Build.0 = Debug|Any CPU
		{BE7B2137-0CC5-4B13-9849-78CB7DDED693}.Release|Any CPU.ActiveCfg = Release|Any CPU
		{BE7B2137-0CC5-4B13-9849-78CB7DDED693}.Release|Any CPU.Build.0 = Release|Any CPU
		{2131BE6B-C569-4AB7-8C31-C1986BDAC27A}.Debug|Any CPU.ActiveCfg = Debug|Any CPU
		{2131BE6B-C569-4AB7-8C31-C1986BDAC27A}.Debug|Any CPU.Build.0 = Debug|Any CPU
		{2131BE6B-C569-4AB7-8C31-C1986BDAC27A}.Release|Any CPU.ActiveCfg = Release|Any CPU
		{2131BE6B-C569-4AB7-8C31-C1986BDAC27A}.Release|Any CPU.Build.0 = Release|Any CPU
		{78C722E8-A75D-44E9-B62E-92127FBEFF62}.Debug|Any CPU.ActiveCfg = Debug|Any CPU
		{78C722E8-A75D-44E9-B62E-92127FBEFF62}.Debug|Any CPU.Build.0 = Debug|Any CPU
		{78C722E8-A75D-44E9-B62E-92127FBEFF62}.Release|Any CPU.ActiveCfg = Release|Any CPU
		{78C722E8-A75D-44E9-B62E-92127FBEFF62}.Release|Any CPU.Build.0 = Release|Any CPU
	EndGlobalSection
	GlobalSection(SolutionProperties) = preSolution
		HideSolutionNode = FALSE
	EndGlobalSection
EndGlobal
